
Microsoft Visual Studio Solution File, Format Version 12.00
# Visual Studio 14
VisualStudioVersion = 14.0.25123.0
MinimumVisualStudioVersion = 10.0.40219.1
Project("{FAE04EC0-301F-11D3-BF4B-00C04F79EFBC}") = "GitGud.Droid", "GitGud\GitGud.Droid\GitGud.Droid.csproj", "{90EC424D-C40B-48FD-A454-2BC882ACEF63}"
EndProject
Project("{FAE04EC0-301F-11D3-BF4B-00C04F79EFBC}") = "GitGud.iOS", "GitGud\GitGud.iOS\GitGud.iOS.csproj", "{3DD1E8E9-7BA1-4990-A75E-57244EDC93B9}"
EndProject
Project("{FAE04EC0-301F-11D3-BF4B-00C04F79EFBC}") = "GitGud.UWP", "GitGud\GitGud.UWP\GitGud.UWP.csproj", "{A6B3410C-5CC3-4FEA-9EDA-759268FB4D66}"
EndProject
Project("{FAE04EC0-301F-11D3-BF4B-00C04F79EFBC}") = "GitGud", "GitGud\GitGud\GitGud.csproj", "{A5307CBF-E994-475D-8C99-CD7074C218C6}"
EndProject
Global
	GlobalSection(SolutionConfigurationPlatforms) = preSolution
		Ad-Hoc|Any CPU = Ad-Hoc|Any CPU
		Ad-Hoc|ARM = Ad-Hoc|ARM
		Ad-Hoc|iPhone = Ad-Hoc|iPhone
		Ad-Hoc|iPhoneSimulator = Ad-Hoc|iPhoneSimulator
		Ad-Hoc|x64 = Ad-Hoc|x64
		Ad-Hoc|x86 = Ad-Hoc|x86
		AppStore|Any CPU = AppStore|Any CPU
		AppStore|ARM = AppStore|ARM
		AppStore|iPhone = AppStore|iPhone
		AppStore|iPhoneSimulator = AppStore|iPhoneSimulator
		AppStore|x64 = AppStore|x64
		AppStore|x86 = AppStore|x86
		Debug|Any CPU = Debug|Any CPU
		Debug|ARM = Debug|ARM
		Debug|iPhone = Debug|iPhone
		Debug|iPhoneSimulator = Debug|iPhoneSimulator
		Debug|x64 = Debug|x64
		Debug|x86 = Debug|x86
		Release|Any CPU = Release|Any CPU
		Release|ARM = Release|ARM
		Release|iPhone = Release|iPhone
		Release|iPhoneSimulator = Release|iPhoneSimulator
		Release|x64 = Release|x64
		Release|x86 = Release|x86
	EndGlobalSection
	GlobalSection(ProjectConfigurationPlatforms) = postSolution
		{90EC424D-C40B-48FD-A454-2BC882ACEF63}.Ad-Hoc|Any CPU.ActiveCfg = Release|Any CPU
		{90EC424D-C40B-48FD-A454-2BC882ACEF63}.Ad-Hoc|Any CPU.Build.0 = Release|Any CPU
		{90EC424D-C40B-48FD-A454-2BC882ACEF63}.Ad-Hoc|Any CPU.Deploy.0 = Release|Any CPU
		{90EC424D-C40B-48FD-A454-2BC882ACEF63}.Ad-Hoc|ARM.ActiveCfg = Release|Any CPU
		{90EC424D-C40B-48FD-A454-2BC882ACEF63}.Ad-Hoc|ARM.Build.0 = Release|Any CPU
		{90EC424D-C40B-48FD-A454-2BC882ACEF63}.Ad-Hoc|ARM.Deploy.0 = Release|Any CPU
		{90EC424D-C40B-48FD-A454-2BC882ACEF63}.Ad-Hoc|iPhone.ActiveCfg = Release|Any CPU
		{90EC424D-C40B-48FD-A454-2BC882ACEF63}.Ad-Hoc|iPhone.Build.0 = Release|Any CPU
		{90EC424D-C40B-48FD-A454-2BC882ACEF63}.Ad-Hoc|iPhone.Deploy.0 = Release|Any CPU
		{90EC424D-C40B-48FD-A454-2BC882ACEF63}.Ad-Hoc|iPhoneSimulator.ActiveCfg = Release|Any CPU
		{90EC424D-C40B-48FD-A454-2BC882ACEF63}.Ad-Hoc|iPhoneSimulator.Build.0 = Release|Any CPU
		{90EC424D-C40B-48FD-A454-2BC882ACEF63}.Ad-Hoc|iPhoneSimulator.Deploy.0 = Release|Any CPU
		{90EC424D-C40B-48FD-A454-2BC882ACEF63}.Ad-Hoc|x64.ActiveCfg = Release|Any CPU
		{90EC424D-C40B-48FD-A454-2BC882ACEF63}.Ad-Hoc|x64.Build.0 = Release|Any CPU
		{90EC424D-C40B-48FD-A454-2BC882ACEF63}.Ad-Hoc|x64.Deploy.0 = Release|Any CPU
		{90EC424D-C40B-48FD-A454-2BC882ACEF63}.Ad-Hoc|x86.ActiveCfg = Release|Any CPU
		{90EC424D-C40B-48FD-A454-2BC882ACEF63}.Ad-Hoc|x86.Build.0 = Release|Any CPU
		{90EC424D-C40B-48FD-A454-2BC882ACEF63}.Ad-Hoc|x86.Deploy.0 = Release|Any CPU
		{90EC424D-C40B-48FD-A454-2BC882ACEF63}.AppStore|Any CPU.ActiveCfg = Release|Any CPU
		{90EC424D-C40B-48FD-A454-2BC882ACEF63}.AppStore|Any CPU.Build.0 = Release|Any CPU
		{90EC424D-C40B-48FD-A454-2BC882ACEF63}.AppStore|Any CPU.Deploy.0 = Release|Any CPU
		{90EC424D-C40B-48FD-A454-2BC882ACEF63}.AppStore|ARM.ActiveCfg = Release|Any CPU
		{90EC424D-C40B-48FD-A454-2BC882ACEF63}.AppStore|ARM.Build.0 = Release|Any CPU
		{90EC424D-C40B-48FD-A454-2BC882ACEF63}.AppStore|ARM.Deploy.0 = Release|Any CPU
		{90EC424D-C40B-48FD-A454-2BC882ACEF63}.AppStore|iPhone.ActiveCfg = Release|Any CPU
		{90EC424D-C40B-48FD-A454-2BC882ACEF63}.AppStore|iPhone.Build.0 = Release|Any CPU
		{90EC424D-C40B-48FD-A454-2BC882ACEF63}.AppStore|iPhone.Deploy.0 = Release|Any CPU
		{90EC424D-C40B-48FD-A454-2BC882ACEF63}.AppStore|iPhoneSimulator.ActiveCfg = Release|Any CPU
		{90EC424D-C40B-48FD-A454-2BC882ACEF63}.AppStore|iPhoneSimulator.Build.0 = Release|Any CPU
		{90EC424D-C40B-48FD-A454-2BC882ACEF63}.AppStore|iPhoneSimulator.Deploy.0 = Release|Any CPU
		{90EC424D-C40B-48FD-A454-2BC882ACEF63}.AppStore|x64.ActiveCfg = Release|Any CPU
		{90EC424D-C40B-48FD-A454-2BC882ACEF63}.AppStore|x64.Build.0 = Release|Any CPU
		{90EC424D-C40B-48FD-A454-2BC882ACEF63}.AppStore|x64.Deploy.0 = Release|Any CPU
		{90EC424D-C40B-48FD-A454-2BC882ACEF63}.AppStore|x86.ActiveCfg = Release|Any CPU
		{90EC424D-C40B-48FD-A454-2BC882ACEF63}.AppStore|x86.Build.0 = Release|Any CPU
		{90EC424D-C40B-48FD-A454-2BC882ACEF63}.AppStore|x86.Deploy.0 = Release|Any CPU
		{90EC424D-C40B-48FD-A454-2BC882ACEF63}.Debug|Any CPU.ActiveCfg = Debug|Any CPU
		{90EC424D-C40B-48FD-A454-2BC882ACEF63}.Debug|Any CPU.Build.0 = Debug|Any CPU
		{90EC424D-C40B-48FD-A454-2BC882ACEF63}.Debug|Any CPU.Deploy.0 = Debug|Any CPU
		{90EC424D-C40B-48FD-A454-2BC882ACEF63}.Debug|ARM.ActiveCfg = Debug|Any CPU
		{90EC424D-C40B-48FD-A454-2BC882ACEF63}.Debug|ARM.Build.0 = Debug|Any CPU
		{90EC424D-C40B-48FD-A454-2BC882ACEF63}.Debug|ARM.Deploy.0 = Debug|Any CPU
		{90EC424D-C40B-48FD-A454-2BC882ACEF63}.Debug|iPhone.ActiveCfg = Debug|Any CPU
		{90EC424D-C40B-48FD-A454-2BC882ACEF63}.Debug|iPhone.Build.0 = Debug|Any CPU
		{90EC424D-C40B-48FD-A454-2BC882ACEF63}.Debug|iPhone.Deploy.0 = Debug|Any CPU
		{90EC424D-C40B-48FD-A454-2BC882ACEF63}.Debug|iPhoneSimulator.ActiveCfg = Debug|Any CPU
		{90EC424D-C40B-48FD-A454-2BC882ACEF63}.Debug|iPhoneSimulator.Build.0 = Debug|Any CPU
		{90EC424D-C40B-48FD-A454-2BC882ACEF63}.Debug|iPhoneSimulator.Deploy.0 = Debug|Any CPU
		{90EC424D-C40B-48FD-A454-2BC882ACEF63}.Debug|x64.ActiveCfg = Debug|Any CPU
		{90EC424D-C40B-48FD-A454-2BC882ACEF63}.Debug|x64.Build.0 = Debug|Any CPU
		{90EC424D-C40B-48FD-A454-2BC882ACEF63}.Debug|x64.Deploy.0 = Debug|Any CPU
		{90EC424D-C40B-48FD-A454-2BC882ACEF63}.Debug|x86.ActiveCfg = Debug|Any CPU
		{90EC424D-C40B-48FD-A454-2BC882ACEF63}.Debug|x86.Build.0 = Debug|Any CPU
		{90EC424D-C40B-48FD-A454-2BC882ACEF63}.Debug|x86.Deploy.0 = Debug|Any CPU
		{90EC424D-C40B-48FD-A454-2BC882ACEF63}.Release|Any CPU.ActiveCfg = Release|Any CPU
		{90EC424D-C40B-48FD-A454-2BC882ACEF63}.Release|Any CPU.Build.0 = Release|Any CPU
		{90EC424D-C40B-48FD-A454-2BC882ACEF63}.Release|Any CPU.Deploy.0 = Release|Any CPU
		{90EC424D-C40B-48FD-A454-2BC882ACEF63}.Release|ARM.ActiveCfg = Release|Any CPU
		{90EC424D-C40B-48FD-A454-2BC882ACEF63}.Release|ARM.Build.0 = Release|Any CPU
		{90EC424D-C40B-48FD-A454-2BC882ACEF63}.Release|ARM.Deploy.0 = Release|Any CPU
		{90EC424D-C40B-48FD-A454-2BC882ACEF63}.Release|iPhone.ActiveCfg = Release|Any CPU
		{90EC424D-C40B-48FD-A454-2BC882ACEF63}.Release|iPhone.Build.0 = Release|Any CPU
		{90EC424D-C40B-48FD-A454-2BC882ACEF63}.Release|iPhone.Deploy.0 = Release|Any CPU
		{90EC424D-C40B-48FD-A454-2BC882ACEF63}.Release|iPhoneSimulator.ActiveCfg = Release|Any CPU
		{90EC424D-C40B-48FD-A454-2BC882ACEF63}.Release|iPhoneSimulator.Build.0 = Release|Any CPU
		{90EC424D-C40B-48FD-A454-2BC882ACEF63}.Release|iPhoneSimulator.Deploy.0 = Release|Any CPU
		{90EC424D-C40B-48FD-A454-2BC882ACEF63}.Release|x64.ActiveCfg = Release|Any CPU
		{90EC424D-C40B-48FD-A454-2BC882ACEF63}.Release|x64.Build.0 = Release|Any CPU
		{90EC424D-C40B-48FD-A454-2BC882ACEF63}.Release|x64.Deploy.0 = Release|Any CPU
		{90EC424D-C40B-48FD-A454-2BC882ACEF63}.Release|x86.ActiveCfg = Release|Any CPU
		{90EC424D-C40B-48FD-A454-2BC882ACEF63}.Release|x86.Build.0 = Release|Any CPU
		{90EC424D-C40B-48FD-A454-2BC882ACEF63}.Release|x86.Deploy.0 = Release|Any CPU
		{3DD1E8E9-7BA1-4990-A75E-57244EDC93B9}.Ad-Hoc|Any CPU.ActiveCfg = Ad-Hoc|iPhone
		{3DD1E8E9-7BA1-4990-A75E-57244EDC93B9}.Ad-Hoc|ARM.ActiveCfg = Ad-Hoc|iPhone
		{3DD1E8E9-7BA1-4990-A75E-57244EDC93B9}.Ad-Hoc|iPhone.ActiveCfg = Ad-Hoc|iPhone
		{3DD1E8E9-7BA1-4990-A75E-57244EDC93B9}.Ad-Hoc|iPhone.Build.0 = Ad-Hoc|iPhone
		{3DD1E8E9-7BA1-4990-A75E-57244EDC93B9}.Ad-Hoc|iPhoneSimulator.ActiveCfg = Ad-Hoc|iPhoneSimulator
		{3DD1E8E9-7BA1-4990-A75E-57244EDC93B9}.Ad-Hoc|iPhoneSimulator.Build.0 = Ad-Hoc|iPhoneSimulator
		{3DD1E8E9-7BA1-4990-A75E-57244EDC93B9}.Ad-Hoc|x64.ActiveCfg = Ad-Hoc|iPhone
		{3DD1E8E9-7BA1-4990-A75E-57244EDC93B9}.Ad-Hoc|x86.ActiveCfg = Ad-Hoc|iPhone
		{3DD1E8E9-7BA1-4990-A75E-57244EDC93B9}.AppStore|Any CPU.ActiveCfg = AppStore|iPhone
		{3DD1E8E9-7BA1-4990-A75E-57244EDC93B9}.AppStore|ARM.ActiveCfg = AppStore|iPhone
		{3DD1E8E9-7BA1-4990-A75E-57244EDC93B9}.AppStore|iPhone.ActiveCfg = AppStore|iPhone
		{3DD1E8E9-7BA1-4990-A75E-57244EDC93B9}.AppStore|iPhone.Build.0 = AppStore|iPhone
		{3DD1E8E9-7BA1-4990-A75E-57244EDC93B9}.AppStore|iPhoneSimulator.ActiveCfg = AppStore|iPhoneSimulator
		{3DD1E8E9-7BA1-4990-A75E-57244EDC93B9}.AppStore|iPhoneSimulator.Build.0 = AppStore|iPhoneSimulator
		{3DD1E8E9-7BA1-4990-A75E-57244EDC93B9}.AppStore|x64.ActiveCfg = AppStore|iPhone
		{3DD1E8E9-7BA1-4990-A75E-57244EDC93B9}.AppStore|x86.ActiveCfg = AppStore|iPhone
		{3DD1E8E9-7BA1-4990-A75E-57244EDC93B9}.Debug|Any CPU.ActiveCfg = Debug|iPhone
		{3DD1E8E9-7BA1-4990-A75E-57244EDC93B9}.Debug|ARM.ActiveCfg = Debug|iPhone
		{3DD1E8E9-7BA1-4990-A75E-57244EDC93B9}.Debug|iPhone.ActiveCfg = Debug|iPhone
		{3DD1E8E9-7BA1-4990-A75E-57244EDC93B9}.Debug|iPhone.Build.0 = Debug|iPhone
		{3DD1E8E9-7BA1-4990-A75E-57244EDC93B9}.Debug|iPhoneSimulator.ActiveCfg = Debug|iPhoneSimulator
		{3DD1E8E9-7BA1-4990-A75E-57244EDC93B9}.Debug|iPhoneSimulator.Build.0 = Debug|iPhoneSimulator
		{3DD1E8E9-7BA1-4990-A75E-57244EDC93B9}.Debug|x64.ActiveCfg = Debug|iPhone
		{3DD1E8E9-7BA1-4990-A75E-57244EDC93B9}.Debug|x86.ActiveCfg = Debug|iPhone
		{3DD1E8E9-7BA1-4990-A75E-57244EDC93B9}.Release|Any CPU.ActiveCfg = Release|iPhone
		{3DD1E8E9-7BA1-4990-A75E-57244EDC93B9}.Release|ARM.ActiveCfg = Release|iPhone
		{3DD1E8E9-7BA1-4990-A75E-57244EDC93B9}.Release|iPhone.ActiveCfg = Release|iPhone
		{3DD1E8E9-7BA1-4990-A75E-57244EDC93B9}.Release|iPhone.Build.0 = Release|iPhone
		{3DD1E8E9-7BA1-4990-A75E-57244EDC93B9}.Release|iPhoneSimulator.ActiveCfg = Release|iPhoneSimulator
		{3DD1E8E9-7BA1-4990-A75E-57244EDC93B9}.Release|iPhoneSimulator.Build.0 = Release|iPhoneSimulator
		{3DD1E8E9-7BA1-4990-A75E-57244EDC93B9}.Release|x64.ActiveCfg = Release|iPhone
		{3DD1E8E9-7BA1-4990-A75E-57244EDC93B9}.Release|x86.ActiveCfg = Release|iPhone
		{A6B3410C-5CC3-4FEA-9EDA-759268FB4D66}.Ad-Hoc|Any CPU.ActiveCfg = Release|x86
		{A6B3410C-5CC3-4FEA-9EDA-759268FB4D66}.Ad-Hoc|Any CPU.Build.0 = Release|x86
		{A6B3410C-5CC3-4FEA-9EDA-759268FB4D66}.Ad-Hoc|Any CPU.Deploy.0 = Release|x86
		{A6B3410C-5CC3-4FEA-9EDA-759268FB4D66}.Ad-Hoc|ARM.ActiveCfg = Release|ARM
		{A6B3410C-5CC3-4FEA-9EDA-759268FB4D66}.Ad-Hoc|ARM.Build.0 = Release|ARM
		{A6B3410C-5CC3-4FEA-9EDA-759268FB4D66}.Ad-Hoc|ARM.Deploy.0 = Release|ARM
		{A6B3410C-5CC3-4FEA-9EDA-759268FB4D66}.Ad-Hoc|iPhone.ActiveCfg = Release|x86
		{A6B3410C-5CC3-4FEA-9EDA-759268FB4D66}.Ad-Hoc|iPhone.Build.0 = Release|x86
		{A6B3410C-5CC3-4FEA-9EDA-759268FB4D66}.Ad-Hoc|iPhone.Deploy.0 = Release|x86
		{A6B3410C-5CC3-4FEA-9EDA-759268FB4D66}.Ad-Hoc|iPhoneSimulator.ActiveCfg = Release|x86
		{A6B3410C-5CC3-4FEA-9EDA-759268FB4D66}.Ad-Hoc|iPhoneSimulator.Build.0 = Release|x86
		{A6B3410C-5CC3-4FEA-9EDA-759268FB4D66}.Ad-Hoc|iPhoneSimulator.Deploy.0 = Release|x86
		{A6B3410C-5CC3-4FEA-9EDA-759268FB4D66}.Ad-Hoc|x64.ActiveCfg = Release|x64
		{A6B3410C-5CC3-4FEA-9EDA-759268FB4D66}.Ad-Hoc|x64.Build.0 = Release|x64
		{A6B3410C-5CC3-4FEA-9EDA-759268FB4D66}.Ad-Hoc|x64.Deploy.0 = Release|x64
		{A6B3410C-5CC3-4FEA-9EDA-759268FB4D66}.Ad-Hoc|x86.ActiveCfg = Release|x86
		{A6B3410C-5CC3-4FEA-9EDA-759268FB4D66}.Ad-Hoc|x86.Build.0 = Release|x86
		{A6B3410C-5CC3-4FEA-9EDA-759268FB4D66}.Ad-Hoc|x86.Deploy.0 = Release|x86
		{A6B3410C-5CC3-4FEA-9EDA-759268FB4D66}.AppStore|Any CPU.ActiveCfg = Release|x86
		{A6B3410C-5CC3-4FEA-9EDA-759268FB4D66}.AppStore|Any CPU.Build.0 = Release|x86
		{A6B3410C-5CC3-4FEA-9EDA-759268FB4D66}.AppStore|Any CPU.Deploy.0 = Release|x86
		{A6B3410C-5CC3-4FEA-9EDA-759268FB4D66}.AppStore|ARM.ActiveCfg = Release|ARM
		{A6B3410C-5CC3-4FEA-9EDA-759268FB4D66}.AppStore|ARM.Build.0 = Release|ARM
		{A6B3410C-5CC3-4FEA-9EDA-759268FB4D66}.AppStore|ARM.Deploy.0 = Release|ARM
		{A6B3410C-5CC3-4FEA-9EDA-759268FB4D66}.AppStore|iPhone.ActiveCfg = Release|x86
		{A6B3410C-5CC3-4FEA-9EDA-759268FB4D66}.AppStore|iPhone.Build.0 = Release|x86
		{A6B3410C-5CC3-4FEA-9EDA-759268FB4D66}.AppStore|iPhone.Deploy.0 = Release|x86
		{A6B3410C-5CC3-4FEA-9EDA-759268FB4D66}.AppStore|iPhoneSimulator.ActiveCfg = Release|x86
		{A6B3410C-5CC3-4FEA-9EDA-759268FB4D66}.AppStore|iPhoneSimulator.Build.0 = Release|x86
		{A6B3410C-5CC3-4FEA-9EDA-759268FB4D66}.AppStore|iPhoneSimulator.Deploy.0 = Release|x86
		{A6B3410C-5CC3-4FEA-9EDA-759268FB4D66}.AppStore|x64.ActiveCfg = Release|x64
		{A6B3410C-5CC3-4FEA-9EDA-759268FB4D66}.AppStore|x64.Build.0 = Release|x64
		{A6B3410C-5CC3-4FEA-9EDA-759268FB4D66}.AppStore|x64.Deploy.0 = Release|x64
		{A6B3410C-5CC3-4FEA-9EDA-759268FB4D66}.AppStore|x86.ActiveCfg = Release|x86
		{A6B3410C-5CC3-4FEA-9EDA-759268FB4D66}.AppStore|x86.Build.0 = Release|x86
		{A6B3410C-5CC3-4FEA-9EDA-759268FB4D66}.AppStore|x86.Deploy.0 = Release|x86
		{A6B3410C-5CC3-4FEA-9EDA-759268FB4D66}.Debug|Any CPU.ActiveCfg = Debug|x86
		{A6B3410C-5CC3-4FEA-9EDA-759268FB4D66}.Debug|ARM.ActiveCfg = Debug|ARM
		{A6B3410C-5CC3-4FEA-9EDA-759268FB4D66}.Debug|ARM.Build.0 = Debug|ARM
		{A6B3410C-5CC3-4FEA-9EDA-759268FB4D66}.Debug|ARM.Deploy.0 = Debug|ARM
		{A6B3410C-5CC3-4FEA-9EDA-759268FB4D66}.Debug|iPhone.ActiveCfg = Debug|x86
		{A6B3410C-5CC3-4FEA-9EDA-759268FB4D66}.Debug|iPhoneSimulator.ActiveCfg = Debug|x86
		{A6B3410C-5CC3-4FEA-9EDA-759268FB4D66}.Debug|x64.ActiveCfg = Debug|x64
		{A6B3410C-5CC3-4FEA-9EDA-759268FB4D66}.Debug|x64.Build.0 = Debug|x64
		{A6B3410C-5CC3-4FEA-9EDA-759268FB4D66}.Debug|x64.Deploy.0 = Debug|x64
		{A6B3410C-5CC3-4FEA-9EDA-759268FB4D66}.Debug|x86.ActiveCfg = Debug|x86
		{A6B3410C-5CC3-4FEA-9EDA-759268FB4D66}.Debug|x86.Build.0 = Debug|x86
		{A6B3410C-5CC3-4FEA-9EDA-759268FB4D66}.Debug|x86.Deploy.0 = Debug|x86
		{A6B3410C-5CC3-4FEA-9EDA-759268FB4D66}.Release|Any CPU.ActiveCfg = Release|x86
		{A6B3410C-5CC3-4FEA-9EDA-759268FB4D66}.Release|ARM.ActiveCfg = Release|ARM
		{A6B3410C-5CC3-4FEA-9EDA-759268FB4D66}.Release|ARM.Build.0 = Release|ARM
		{A6B3410C-5CC3-4FEA-9EDA-759268FB4D66}.Release|ARM.Deploy.0 = Release|ARM
		{A6B3410C-5CC3-4FEA-9EDA-759268FB4D66}.Release|iPhone.ActiveCfg = Release|x86
		{A6B3410C-5CC3-4FEA-9EDA-759268FB4D66}.Release|iPhoneSimulator.ActiveCfg = Release|x86
		{A6B3410C-5CC3-4FEA-9EDA-759268FB4D66}.Release|x64.ActiveCfg = Release|x64
		{A6B3410C-5CC3-4FEA-9EDA-759268FB4D66}.Release|x64.Build.0 = Release|x64
		{A6B3410C-5CC3-4FEA-9EDA-759268FB4D66}.Release|x64.Deploy.0 = Release|x64
		{A6B3410C-5CC3-4FEA-9EDA-759268FB4D66}.Release|x86.ActiveCfg = Release|x86
		{A6B3410C-5CC3-4FEA-9EDA-759268FB4D66}.Release|x86.Build.0 = Release|x86
		{A6B3410C-5CC3-4FEA-9EDA-759268FB4D66}.Release|x86.Deploy.0 = Release|x86
		{A5307CBF-E994-475D-8C99-CD7074C218C6}.Ad-Hoc|Any CPU.ActiveCfg = Release|Any CPU
		{A5307CBF-E994-475D-8C99-CD7074C218C6}.Ad-Hoc|Any CPU.Build.0 = Release|Any CPU
		{A5307CBF-E994-475D-8C99-CD7074C218C6}.Ad-Hoc|ARM.ActiveCfg = Release|Any CPU
		{A5307CBF-E994-475D-8C99-CD7074C218C6}.Ad-Hoc|ARM.Build.0 = Release|Any CPU
		{A5307CBF-E994-475D-8C99-CD7074C218C6}.Ad-Hoc|iPhone.ActiveCfg = Release|Any CPU
		{A5307CBF-E994-475D-8C99-CD7074C218C6}.Ad-Hoc|iPhone.Build.0 = Release|Any CPU
		{A5307CBF-E994-475D-8C99-CD7074C218C6}.Ad-Hoc|iPhoneSimulator.ActiveCfg = Release|Any CPU
		{A5307CBF-E994-475D-8C99-CD7074C218C6}.Ad-Hoc|iPhoneSimulator.Build.0 = Release|Any CPU
		{A5307CBF-E994-475D-8C99-CD7074C218C6}.Ad-Hoc|x64.ActiveCfg = Release|Any CPU
		{A5307CBF-E994-475D-8C99-CD7074C218C6}.Ad-Hoc|x64.Build.0 = Release|Any CPU
		{A5307CBF-E994-475D-8C99-CD7074C218C6}.Ad-Hoc|x86.ActiveCfg = Release|Any CPU
		{A5307CBF-E994-475D-8C99-CD7074C218C6}.Ad-Hoc|x86.Build.0 = Release|Any CPU
		{A5307CBF-E994-475D-8C99-CD7074C218C6}.AppStore|Any CPU.ActiveCfg = Release|Any CPU
		{A5307CBF-E994-475D-8C99-CD7074C218C6}.AppStore|Any CPU.Build.0 = Release|Any CPU
		{A5307CBF-E994-475D-8C99-CD7074C218C6}.AppStore|ARM.ActiveCfg = Release|Any CPU
		{A5307CBF-E994-475D-8C99-CD7074C218C6}.AppStore|ARM.Build.0 = Release|Any CPU
		{A5307CBF-E994-475D-8C99-CD7074C218C6}.AppStore|iPhone.ActiveCfg = Release|Any CPU
		{A5307CBF-E994-475D-8C99-CD7074C218C6}.AppStore|iPhone.Build.0 = Release|Any CPU
		{A5307CBF-E994-475D-8C99-CD7074C218C6}.AppStore|iPhoneSimulator.ActiveCfg = Release|Any CPU
		{A5307CBF-E994-475D-8C99-CD7074C218C6}.AppStore|iPhoneSimulator.Build.0 = Release|Any CPU
		{A5307CBF-E994-475D-8C99-CD7074C218C6}.AppStore|x64.ActiveCfg = Release|Any CPU
		{A5307CBF-E994-475D-8C99-CD7074C218C6}.AppStore|x64.Build.0 = Release|Any CPU
		{A5307CBF-E994-475D-8C99-CD7074C218C6}.AppStore|x86.ActiveCfg = Release|Any CPU
		{A5307CBF-E994-475D-8C99-CD7074C218C6}.AppStore|x86.Build.0 = Release|Any CPU
		{A5307CBF-E994-475D-8C99-CD7074C218C6}.Debug|Any CPU.ActiveCfg = Debug|Any CPU
		{A5307CBF-E994-475D-8C99-CD7074C218C6}.Debug|Any CPU.Build.0 = Debug|Any CPU
		{A5307CBF-E994-475D-8C99-CD7074C218C6}.Debug|ARM.ActiveCfg = Debug|Any CPU
		{A5307CBF-E994-475D-8C99-CD7074C218C6}.Debug|ARM.Build.0 = Debug|Any CPU
		{A5307CBF-E994-475D-8C99-CD7074C218C6}.Debug|iPhone.ActiveCfg = Debug|Any CPU
		{A5307CBF-E994-475D-8C99-CD7074C218C6}.Debug|iPhone.Build.0 = Debug|Any CPU
		{A5307CBF-E994-475D-8C99-CD7074C218C6}.Debug|iPhoneSimulator.ActiveCfg = Debug|Any CPU
		{A5307CBF-E994-475D-8C99-CD7074C218C6}.Debug|iPhoneSimulator.Build.0 = Debug|Any CPU
		{A5307CBF-E994-475D-8C99-CD7074C218C6}.Debug|x64.ActiveCfg = Debug|Any CPU
		{A5307CBF-E994-475D-8C99-CD7074C218C6}.Debug|x64.Build.0 = Debug|Any CPU
		{A5307CBF-E994-475D-8C99-CD7074C218C6}.Debug|x86.ActiveCfg = Debug|Any CPU
		{A5307CBF-E994-475D-8C99-CD7074C218C6}.Debug|x86.Build.0 = Debug|Any CPU
		{A5307CBF-E994-475D-8C99-CD7074C218C6}.Release|Any CPU.ActiveCfg = Release|Any CPU
		{A5307CBF-E994-475D-8C99-CD7074C218C6}.Release|Any CPU.Build.0 = Release|Any CPU
		{A5307CBF-E994-475D-8C99-CD7074C218C6}.Release|ARM.ActiveCfg = Release|Any CPU
		{A5307CBF-E994-475D-8C99-CD7074C218C6}.Release|ARM.Build.0 = Release|Any CPU
		{A5307CBF-E994-475D-8C99-CD7074C218C6}.Release|iPhone.ActiveCfg = Release|Any CPU
		{A5307CBF-E994-475D-8C99-CD7074C218C6}.Release|iPhone.Build.0 = Release|Any CPU
		{A5307CBF-E994-475D-8C99-CD7074C218C6}.Release|iPhoneSimulator.ActiveCfg = Release|Any CPU
		{A5307CBF-E994-475D-8C99-CD7074C218C6}.Release|iPhoneSimulator.Build.0 = Release|Any CPU
		{A5307CBF-E994-475D-8C99-CD7074C218C6}.Release|x64.ActiveCfg = Release|Any CPU
		{A5307CBF-E994-475D-8C99-CD7074C218C6}.Release|x64.Build.0 = Release|Any CPU
		{A5307CBF-E994-475D-8C99-CD7074C218C6}.Release|x86.ActiveCfg = Release|Any CPU
		{A5307CBF-E994-475D-8C99-CD7074C218C6}.Release|x86.Build.0 = Release|Any CPU
	EndGlobalSection
	GlobalSection(SolutionProperties) = preSolution
		HideSolutionNode = FALSE
	EndGlobalSection
EndGlobal
